
Microsoft Visual Studio Solution File, Format Version 12.00
# Visual Studio Version 17
VisualStudioVersion = 17.4.33205.214
MinimumVisualStudioVersion = 10.0.40219.1
Project("{FAE04EC0-301F-11D3-BF4B-00C04F79EFBC}") = "ComponentLibrary", "ComponentLibrary.csproj", "{3E9A2907-6B65-4C41-B106-94921A6CCA53}"
EndProject
Global
	GlobalSection(SolutionConfigurationPlatforms) = preSolution
		Debug|Any CPU = Debug|Any CPU
		Release|Any CPU = Release|Any CPU
	EndGlobalSection
	GlobalSection(ProjectConfigurationPlatforms) = postSolution
		{3E9A2907-6B65-4C41-B106-94921A6CCA53}.Debug|Any CPU.ActiveCfg = Debug|Any CPU
		{3E9A2907-6B65-4C41-B106-94921A6CCA53}.Debug|Any CPU.Build.0 = Debug|Any CPU
		{3E9A2907-6B65-4C41-B106-94921A6CCA53}.Release|Any CPU.ActiveCfg = Release|Any CPU
		{3E9A2907-6B65-4C41-B106-94921A6CCA53}.Release|Any CPU.Build.0 = Release|Any CPU
	EndGlobalSection
	GlobalSection(SolutionProperties) = preSolution
		HideSolutionNode = FALSE
	EndGlobalSection
	GlobalSection(ExtensibilityGlobals) = postSolution
		SolutionGuid = {72A2D966-72FE-4E39-A560-F6E1809738FD}
	EndGlobalSection
EndGlobal
